// !$*UTF8*$!
{
	archiveVersion = 1;
	classes = {
	};
	objectVersion = 48;
	objects = {

/* Begin PBXBuildFile section */
		3C7F70D923230A1200DB8B20 /* AppDelegate.swift in Sources */ = {isa = PBXBuildFile; fileRef = 3C7F70D823230A1200DB8B20 /* AppDelegate.swift */; };
		3C7F70DB23230A1200DB8B20 /* TodoViewController.swift in Sources */ = {isa = PBXBuildFile; fileRef = 3C7F70DA23230A1200DB8B20 /* TodoViewController.swift */; };
		3C7F70DE23230A1200DB8B20 /* Main.storyboard in Resources */ = {isa = PBXBuildFile; fileRef = 3C7F70DC23230A1200DB8B20 /* Main.storyboard */; };
		3C7F70E023230A1200DB8B20 /* Assets.xcassets in Resources */ = {isa = PBXBuildFile; fileRef = 3C7F70DF23230A1200DB8B20 /* Assets.xcassets */; };
		3C7F70E323230A1200DB8B20 /* LaunchScreen.storyboard in Resources */ = {isa = PBXBuildFile; fileRef = 3C7F70E123230A1200DB8B20 /* LaunchScreen.storyboard */; };
		3C7F7113232700AA00DB8B20 /* DataModel.xcdatamodeld in Sources */ = {isa = PBXBuildFile; fileRef = 3C7F7111232700AA00DB8B20 /* DataModel.xcdatamodeld */; };
		3C7F711523296CE700DB8B20 /* CategoryViewController.swift in Sources */ = {isa = PBXBuildFile; fileRef = 3C7F711423296CE700DB8B20 /* CategoryViewController.swift */; };
/* End PBXBuildFile section */

/* Begin PBXFileReference section */
		3C7F70D523230A1200DB8B20 /* Todo.app */ = {isa = PBXFileReference; explicitFileType = wrapper.application; includeInIndex = 0; path = Todo.app; sourceTree = BUILT_PRODUCTS_DIR; };
		3C7F70D823230A1200DB8B20 /* AppDelegate.swift */ = {isa = PBXFileReference; lastKnownFileType = sourcecode.swift; path = AppDelegate.swift; sourceTree = "<group>"; };
		3C7F70DA23230A1200DB8B20 /* TodoViewController.swift */ = {isa = PBXFileReference; lastKnownFileType = sourcecode.swift; path = TodoViewController.swift; sourceTree = "<group>"; };
		3C7F70DD23230A1200DB8B20 /* Base */ = {isa = PBXFileReference; lastKnownFileType = file.storyboard; name = Base; path = Base.lproj/Main.storyboard; sourceTree = "<group>"; };
		3C7F70DF23230A1200DB8B20 /* Assets.xcassets */ = {isa = PBXFileReference; lastKnownFileType = folder.assetcatalog; path = Assets.xcassets; sourceTree = "<group>"; };
		3C7F70E223230A1200DB8B20 /* Base */ = {isa = PBXFileReference; lastKnownFileType = file.storyboard; name = Base; path = Base.lproj/LaunchScreen.storyboard; sourceTree = "<group>"; };
		3C7F70E423230A1200DB8B20 /* Info.plist */ = {isa = PBXFileReference; lastKnownFileType = text.plist.xml; path = Info.plist; sourceTree = "<group>"; };
		3C7F7112232700AA00DB8B20 /* DataModel.xcdatamodel */ = {isa = PBXFileReference; lastKnownFileType = wrapper.xcdatamodel; path = DataModel.xcdatamodel; sourceTree = "<group>"; };
		3C7F711423296CE700DB8B20 /* CategoryViewController.swift */ = {isa = PBXFileReference; lastKnownFileType = sourcecode.swift; path = CategoryViewController.swift; sourceTree = "<group>"; };
/* End PBXFileReference section */

/* Begin PBXFrameworksBuildPhase section */
		3C7F70D223230A1200DB8B20 /* Frameworks */ = {
			isa = PBXFrameworksBuildPhase;
			buildActionMask = 2147483647;
			files = (
			);
			runOnlyForDeploymentPostprocessing = 0;
		};
/* End PBXFrameworksBuildPhase section */

/* Begin PBXGroup section */
		3C7F70CC23230A1200DB8B20 = {
			isa = PBXGroup;
			children = (
				3C7F70D723230A1200DB8B20 /* Todo */,
				3C7F70D623230A1200DB8B20 /* Products */,
			);
			sourceTree = "<group>";
		};
		3C7F70D623230A1200DB8B20 /* Products */ = {
			isa = PBXGroup;
			children = (
				3C7F70D523230A1200DB8B20 /* Todo.app */,
			);
			name = Products;
			sourceTree = "<group>";
		};
		3C7F70D723230A1200DB8B20 /* Todo */ = {
			isa = PBXGroup;
			children = (
				3C7F70D823230A1200DB8B20 /* AppDelegate.swift */,
				3C7F70EE2326CAC000DB8B20 /* Controllers */,
				3C7F70EF2326CACA00DB8B20 /* Data Model */,
				3C7F70EC2326CA9F00DB8B20 /* Views */,
				3C7F70ED2326CAAD00DB8B20 /* Supporting Files */,
				3C7F70E423230A1200DB8B20 /* Info.plist */,
			);
			path = Todo;
			sourceTree = "<group>";
		};
		3C7F70EC2326CA9F00DB8B20 /* Views */ = {
			isa = PBXGroup;
			children = (
				3C7F70DC23230A1200DB8B20 /* Main.storyboard */,
			);
			path = Views;
			sourceTree = "<group>";
		};
		3C7F70ED2326CAAD00DB8B20 /* Supporting Files */ = {
			isa = PBXGroup;
			children = (
				3C7F70DF23230A1200DB8B20 /* Assets.xcassets */,
				3C7F70E123230A1200DB8B20 /* LaunchScreen.storyboard */,
			);
			path = "Supporting Files";
			sourceTree = "<group>";
		};
		3C7F70EE2326CAC000DB8B20 /* Controllers */ = {
			isa = PBXGroup;
			children = (
				3C7F711423296CE700DB8B20 /* CategoryViewController.swift */,
				3C7F70DA23230A1200DB8B20 /* TodoViewController.swift */,
			);
			path = Controllers;
			sourceTree = "<group>";
		};
		3C7F70EF2326CACA00DB8B20 /* Data Model */ = {
			isa = PBXGroup;
			children = (
				3C7F7111232700AA00DB8B20 /* DataModel.xcdatamodeld */,
			);
			path = "Data Model";
			sourceTree = "<group>";
		};
/* End PBXGroup section */

/* Begin PBXNativeTarget section */
		3C7F70D423230A1200DB8B20 /* Todo */ = {
			isa = PBXNativeTarget;
			buildConfigurationList = 3C7F70E723230A1200DB8B20 /* Build configuration list for PBXNativeTarget "Todo" */;
			buildPhases = (
				3C7F70D123230A1200DB8B20 /* Sources */,
				3C7F70D223230A1200DB8B20 /* Frameworks */,
				3C7F70D323230A1200DB8B20 /* Resources */,
			);
			buildRules = (
			);
			dependencies = (
			);
			name = Todo;
			productName = Todo;
			productReference = 3C7F70D523230A1200DB8B20 /* Todo.app */;
			productType = "com.apple.product-type.application";
		};
/* End PBXNativeTarget section */

/* Begin PBXProject section */
		3C7F70CD23230A1200DB8B20 /* Project object */ = {
			isa = PBXProject;
			attributes = {
				LastSwiftUpdateCheck = 1030;
				LastUpgradeCheck = 1030;
				ORGANIZATIONNAME = "Logan White";
				TargetAttributes = {
					3C7F70D423230A1200DB8B20 = {
						CreatedOnToolsVersion = 10.3;
						ProvisioningStyle = Automatic;
					};
				};
			};
			buildConfigurationList = 3C7F70D023230A1200DB8B20 /* Build configuration list for PBXProject "Todo" */;
			compatibilityVersion = "Xcode 8.0";
			developmentRegion = en;
			hasScannedForEncodings = 0;
			knownRegions = (
				en,
				Base,
			);
			mainGroup = 3C7F70CC23230A1200DB8B20;
			productRefGroup = 3C7F70D623230A1200DB8B20 /* Products */;
			projectDirPath = "";
			projectRoot = "";
			targets = (
				3C7F70D423230A1200DB8B20 /* Todo */,
			);
		};
/* End PBXProject section */

/* Begin PBXResourcesBuildPhase section */
		3C7F70D323230A1200DB8B20 /* Resources */ = {
			isa = PBXResourcesBuildPhase;
			buildActionMask = 2147483647;
			files = (
				3C7F70E323230A1200DB8B20 /* LaunchScreen.storyboard in Resources */,
				3C7F70E023230A1200DB8B20 /* Assets.xcassets in Resources */,
				3C7F70DE23230A1200DB8B20 /* Main.storyboard in Resources */,
			);
			runOnlyForDeploymentPostprocessing = 0;
		};
/* End PBXResourcesBuildPhase section */

/* Begin PBXSourcesBuildPhase section */
		3C7F70D123230A1200DB8B20 /* Sources */ = {
			isa = PBXSourcesBuildPhase;
			buildActionMask = 2147483647;
			files = (
				3C7F711523296CE700DB8B20 /* CategoryViewController.swift in Sources */,
				3C7F70DB23230A1200DB8B20 /* TodoViewController.swift in Sources */,
				3C7F7113232700AA00DB8B20 /* DataModel.xcdatamodeld in Sources */,
				3C7F70D923230A1200DB8B20 /* AppDelegate.swift in Sources */,
			);
			runOnlyForDeploymentPostprocessing = 0;
		};
/* End PBXSourcesBuildPhase section */

/* Begin PBXVariantGroup section */
		3C7F70DC23230A1200DB8B20 /* Main.storyboard */ = {
			isa = PBXVariantGroup;
			children = (
				3C7F70DD23230A1200DB8B20 /* Base */,
			);
			name = Main.storyboard;
			sourceTree = "<group>";
		};
		3C7F70E123230A1200DB8B20 /* LaunchScreen.storyboard */ = {
			isa = PBXVariantGroup;
			children = (
				3C7F70E223230A1200DB8B20 /* Base */,
			);
			name = LaunchScreen.storyboard;
			sourceTree = "<group>";
		};
/* End PBXVariantGroup section */

/* Begin XCBuildConfiguration section */
		3C7F70E523230A1200DB8B20 /* Debug */ = {
			isa = XCBuildConfiguration;
			buildSettings = {
				ALWAYS_SEARCH_USER_PATHS = NO;
				CLANG_ANALYZER_NONNULL = YES;
				CLANG_ANALYZER_NUMBER_OBJECT_CONVERSION = YES_AGGRESSIVE;
				CLANG_CXX_LANGUAGE_STANDARD = "gnu++14";
				CLANG_CXX_LIBRARY = "libc++";
				CLANG_ENABLE_MODULES = YES;
				CLANG_ENABLE_OBJC_ARC = YES;
				CLANG_ENABLE_OBJC_WEAK = YES;
				CLANG_WARN_BLOCK_CAPTURE_AUTORELEASING = YES;
				CLANG_WARN_BOOL_CONVERSION = YES;
				CLANG_WARN_COMMA = YES;
				CLANG_WARN_CONSTANT_CONVERSION = YES;
				CLANG_WARN_DEPRECATED_OBJC_IMPLEMENTATIONS = YES;
				CLANG_WARN_DIRECT_OBJC_ISA_USAGE = YES_ERROR;
				CLANG_WARN_DOCUMENTATION_COMMENTS = YES;
				CLANG_WARN_EMPTY_BODY = YES;
				CLANG_WARN_ENUM_CONVERSION = YES;
				CLANG_WARN_INFINITE_RECURSION = YES;
				CLANG_WARN_INT_CONVERSION = YES;
				CLANG_WARN_NON_LITERAL_NULL_CONVERSION = YES;
				CLANG_WARN_OBJC_IMPLICIT_RETAIN_SELF = YES;
				CLANG_WARN_OBJC_LITERAL_CONVERSION = YES;
				CLANG_WARN_OBJC_ROOT_CLASS = YES_ERROR;
				CLANG_WARN_RANGE_LOOP_ANALYSIS = YES;
				CLANG_WARN_STRICT_PROTOTYPES = YES;
				CLANG_WARN_SUSPICIOUS_MOVE = YES;
				CLANG_WARN_UNGUARDED_AVAILABILITY = YES_AGGRESSIVE;
				CLANG_WARN_UNREACHABLE_CODE = YES;
				CLANG_WARN__DUPLICATE_METHOD_MATCH = YES;
				CODE_SIGN_IDENTITY = "iPhone Developer";
				COPY_PHASE_STRIP = NO;
				DEBUG_INFORMATION_FORMAT = dwarf;
				ENABLE_STRICT_OBJC_MSGSEND = YES;
				ENABLE_TESTABILITY = YES;
				GCC_C_LANGUAGE_STANDARD = gnu11;
				GCC_DYNAMIC_NO_PIC = NO;
				GCC_NO_COMMON_BLOCKS = YES;
				GCC_OPTIMIZATION_LEVEL = 0;
				GCC_PREPROCESSOR_DEFINITIONS = (
					"DEBUG=1",
					"$(inherited)",
				);
				GCC_WARN_64_TO_32_BIT_CONVERSION = YES;
				GCC_WARN_ABOUT_RETURN_TYPE = YES_ERROR;
				GCC_WARN_UNDECLARED_SELECTOR = YES;
				GCC_WARN_UNINITIALIZED_AUTOS = YES_AGGRESSIVE;
				GCC_WARN_UNUSED_FUNCTION = YES;
				GCC_WARN_UNUSED_VARIABLE = YES;
				IPHONEOS_DEPLOYMENT_TARGET = 12.4;
				MTL_ENABLE_DEBUG_INFO = INCLUDE_SOURCE;
				MTL_FAST_MATH = YES;
				ONLY_ACTIVE_ARCH = YES;
				SDKROOT = iphoneos;
				SWIFT_ACTIVE_COMPILATION_CONDITIONS = DEBUG;
				SWIFT_OPTIMIZATION_LEVEL = "-Onone";
			};
			name = Debug;
		};
		3C7F70E623230A1200DB8B20 /* Release */ = {
			isa = XCBuildConfiguration;
			buildSettings = {
				ALWAYS_SEARCH_USER_PATHS = NO;
				CLANG_ANALYZER_NONNULL = YES;
				CLANG_ANALYZER_NUMBER_OBJECT_CONVERSION = YES_AGGRESSIVE;
				CLANG_CXX_LANGUAGE_STANDARD = "gnu++14";
				CLANG_CXX_LIBRARY = "libc++";
				CLANG_ENABLE_MODULES = YES;
				CLANG_ENABLE_OBJC_ARC = YES;
				CLANG_ENABLE_OBJC_WEAK = YES;
				CLANG_WARN_BLOCK_CAPTURE_AUTORELEASING = YES;
				CLANG_WARN_BOOL_CONVERSION = YES;
				CLANG_WARN_COMMA = YES;
				CLANG_WARN_CONSTANT_CONVERSION = YES;
				CLANG_WARN_DEPRECATED_OBJC_IMPLEMENTATIONS = YES;
				CLANG_WARN_DIRECT_OBJC_ISA_USAGE = YES_ERROR;
				CLANG_WARN_DOCUMENTATION_COMMENTS = YES;
				CLANG_WARN_EMPTY_BODY = YES;
				CLANG_WARN_ENUM_CONVERSION = YES;
				CLANG_WARN_INFINITE_RECURSION = YES;
				CLANG_WARN_INT_CONVERSION = YES;
				CLANG_WARN_NON_LITERAL_NULL_CONVERSION = YES;
				CLANG_WARN_OBJC_IMPLICIT_RETAIN_SELF = YES;
				CLANG_WARN_OBJC_LITERAL_CONVERSION = YES;
				CLANG_WARN_OBJC_ROOT_CLASS = YES_ERROR;
				CLANG_WARN_RANGE_LOOP_ANALYSIS = YES;
				CLANG_WARN_STRICT_PROTOTYPES = YES;
				CLANG_WARN_SUSPICIOUS_MOVE = YES;
				CLANG_WARN_UNGUARDED_AVAILABILITY = YES_AGGRESSIVE;
				CLANG_WARN_UNREACHABLE_CODE = YES;
				CLANG_WARN__DUPLICATE_METHOD_MATCH = YES;
				CODE_SIGN_IDENTITY = "iPhone Developer";
				COPY_PHASE_STRIP = NO;
				DEBUG_INFORMATION_FORMAT = "dwarf-with-dsym";
				ENABLE_NS_ASSERTIONS = NO;
				ENABLE_STRICT_OBJC_MSGSEND = YES;
				GCC_C_LANGUAGE_STANDARD = gnu11;
				GCC_NO_COMMON_BLOCKS = YES;
				GCC_WARN_64_TO_32_BIT_CONVERSION = YES;
				GCC_WARN_ABOUT_RETURN_TYPE = YES_ERROR;
				GCC_WARN_UNDECLARED_SELECTOR = YES;
				GCC_WARN_UNINITIALIZED_AUTOS = YES_AGGRESSIVE;
				GCC_WARN_UNUSED_FUNCTION = YES;
				GCC_WARN_UNUSED_VARIABLE = YES;
				IPHONEOS_DEPLOYMENT_TARGET = 12.4;
				MTL_ENABLE_DEBUG_INFO = NO;
				MTL_FAST_MATH = YES;
				SDKROOT = iphoneos;
				SWIFT_OPTIMIZATION_LEVEL = "-Owholemodule";
				VALIDATE_PRODUCT = YES;
			};
			name = Release;
		};
		3C7F70E823230A1200DB8B20 /* Debug */ = {
			isa = XCBuildConfiguration;
			buildSettings = {
				ASSETCATALOG_COMPILER_APPICON_NAME = AppIcon;
				CODE_SIGN_STYLE = Automatic;
				DEVELOPMENT_TEAM = RPZKBF8LX6;
				INFOPLIST_FILE = Todo/Info.plist;
				LD_RUNPATH_SEARCH_PATHS = "$(inherited) @executable_path/Frameworks";
				PRODUCT_BUNDLE_IDENTIFIER = com.loganwhite.Todo;
				PRODUCT_NAME = "$(TARGET_NAME)";
				SWIFT_VERSION = 5.0;
				TARGETED_DEVICE_FAMILY = "1,2";
			};
			name = Debug;
		};
		3C7F70E923230A1200DB8B20 /* Release */ = {
			isa = XCBuildConfiguration;
			buildSettings = {
				ASSETCATALOG_COMPILER_APPICON_NAME = AppIcon;
				CODE_SIGN_STYLE = Automatic;
				DEVELOPMENT_TEAM = RPZKBF8LX6;
				INFOPLIST_FILE = Todo/Info.plist;
				LD_RUNPATH_SEARCH_PATHS = "$(inherited) @executable_path/Frameworks";
				PRODUCT_BUNDLE_IDENTIFIER = com.loganwhite.Todo;
				PRODUCT_NAME = "$(TARGET_NAME)";
				SWIFT_VERSION = 5.0;
				TARGETED_DEVICE_FAMILY = "1,2";
			};
			name = Release;
		};
/* End XCBuildConfiguration section */

/* Begin XCConfigurationList section */
		3C7F70D023230A1200DB8B20 /* Build configuration list for PBXProject "Todo" */ = {
			isa = XCConfigurationList;
			buildConfigurations = (
				3C7F70E523230A1200DB8B20 /* Debug */,
				3C7F70E623230A1200DB8B20 /* Release */,
			);
			defaultConfigurationIsVisible = 0;
			defaultConfigurationName = Release;
		};
		3C7F70E723230A1200DB8B20 /* Build configuration list for PBXNativeTarget "Todo" */ = {
			isa = XCConfigurationList;
			buildConfigurations = (
				3C7F70E823230A1200DB8B20 /* Debug */,
				3C7F70E923230A1200DB8B20 /* Release */,
			);
			defaultConfigurationIsVisible = 0;
			defaultConfigurationName = Release;
		};
/* End XCConfigurationList section */

/* Begin XCVersionGroup section */
		3C7F7111232700AA00DB8B20 /* DataModel.xcdatamodeld */ = {
			isa = XCVersionGroup;
			children = (
				3C7F7112232700AA00DB8B20 /* DataModel.xcdatamodel */,
			);
			currentVersion = 3C7F7112232700AA00DB8B20 /* DataModel.xcdatamodel */;
			path = DataModel.xcdatamodeld;
			sourceTree = "<group>";
			versionGroupType = wrapper.xcdatamodel;
		};
/* End XCVersionGroup section */
	};
	rootObject = 3C7F70CD23230A1200DB8B20 /* Project object */;
}
